{
  "version": 1,
  "dependencies": {
    ".NETStandard,Version=v2.0": {
      "appgates.build.versioning.test.internallibrary": {
        "type": "Project",
        "dependencies": {
          "AppGates.Build.Versioning.Test.TransitiveProjectLibrary": "1.0.0"
        }
      },
      "appgates.build.versioning.test.transitiveprojectlibrary": {
        "type": "Project"
      }
    }
  }
}